
Microsoft Visual Studio Solution File, Format Version 12.00
# Visual Studio Version 17
VisualStudioVersion = 17.9.34723.18
MinimumVisualStudioVersion = 10.0.40219.1
Project("{2150E333-8FDC-42A3-9474-1A3956D46DE8}") = "src", "src", "{2DA4F361-46B0-4F5D-B43D-47383E1467B8}"
EndProject
Project("{2150E333-8FDC-42A3-9474-1A3956D46DE8}") = "test", "test", "{FEA6FECE-E969-4D97-95E6-1C33AD088470}"
EndProject
Project("{2150E333-8FDC-42A3-9474-1A3956D46DE8}") = "MicroserviceLibrary", "MicroserviceLibrary", "{6ADC58E8-0854-407D-8B33-9122C3D537F4}"
EndProject
Project("{2150E333-8FDC-42A3-9474-1A3956D46DE8}") = "MicroserviceUser", "MicroserviceUser", "{5E0C65CA-8625-4B08-B572-EF60F30272EA}"
EndProject
Project("{2150E333-8FDC-42A3-9474-1A3956D46DE8}") = "API", "API", "{CD07C7D1-BC69-49CA-BBEA-C6297115B86C}"
EndProject
Project("{2150E333-8FDC-42A3-9474-1A3956D46DE8}") = "Domain", "Domain", "{B4F256DF-1575-45EB-80D6-045147EAA813}"
EndProject
Project("{2150E333-8FDC-42A3-9474-1A3956D46DE8}") = "Infraestructure", "Infraestructure", "{9735B8BA-C22F-481C-B2B8-C4EC22B1C1FB}"
EndProject
Project("{2150E333-8FDC-42A3-9474-1A3956D46DE8}") = "API", "API", "{B8389EE4-D9C1-43C9-820B-0E8F9A72C23E}"
EndProject
Project("{2150E333-8FDC-42A3-9474-1A3956D46DE8}") = "Domain", "Domain", "{A9A112E5-2F82-4CA7-AEC9-F4AD867F5F2A}"
EndProject
Project("{2150E333-8FDC-42A3-9474-1A3956D46DE8}") = "Infraestructure", "Infraestructure", "{E853C0E4-80D9-4134-9F35-A2A76ED7D08D}"
EndProject
Project("{2150E333-8FDC-42A3-9474-1A3956D46DE8}") = "Aplication", "Aplication", "{2C4CC9BA-13ED-4455-AAB0-E945E856CB65}"
EndProject
Project("{FAE04EC0-301F-11D3-BF4B-00C04F79EFBC}") = "UnitTest", "UnitTest\UnitTest.csproj", "{889424FE-9EAC-4993-9F2B-866FC6E28250}"
EndProject
Project("{FAE04EC0-301F-11D3-BF4B-00C04F79EFBC}") = "Library.Host.Api", "Library.Host.Api\Library.Host.Api.csproj", "{3DE77EA4-4D10-4E73-9775-E9182B3A6B52}"
EndProject
Project("{FAE04EC0-301F-11D3-BF4B-00C04F79EFBC}") = "Library.Domain", "Library.Domain\Library.Domain.csproj", "{2AC39861-20DC-47D6-99F8-17B210237CB4}"
EndProject
Project("{FAE04EC0-301F-11D3-BF4B-00C04F79EFBC}") = "Library.Infraestructure", "Library.Infraestructure\Library.Infraestructure.csproj", "{25DA744F-6F01-446F-AD34-7E6DE03AD55C}"
EndProject
Global
	GlobalSection(SolutionConfigurationPlatforms) = preSolution
		Debug|Any CPU = Debug|Any CPU
		Release|Any CPU = Release|Any CPU
	EndGlobalSection
	GlobalSection(ProjectConfigurationPlatforms) = postSolution
		{889424FE-9EAC-4993-9F2B-866FC6E28250}.Debug|Any CPU.ActiveCfg = Debug|Any CPU
		{889424FE-9EAC-4993-9F2B-866FC6E28250}.Debug|Any CPU.Build.0 = Debug|Any CPU
		{889424FE-9EAC-4993-9F2B-866FC6E28250}.Release|Any CPU.ActiveCfg = Release|Any CPU
		{889424FE-9EAC-4993-9F2B-866FC6E28250}.Release|Any CPU.Build.0 = Release|Any CPU
		{3DE77EA4-4D10-4E73-9775-E9182B3A6B52}.Debug|Any CPU.ActiveCfg = Debug|Any CPU
		{3DE77EA4-4D10-4E73-9775-E9182B3A6B52}.Debug|Any CPU.Build.0 = Debug|Any CPU
		{3DE77EA4-4D10-4E73-9775-E9182B3A6B52}.Release|Any CPU.ActiveCfg = Release|Any CPU
		{3DE77EA4-4D10-4E73-9775-E9182B3A6B52}.Release|Any CPU.Build.0 = Release|Any CPU
		{2AC39861-20DC-47D6-99F8-17B210237CB4}.Debug|Any CPU.ActiveCfg = Debug|Any CPU
		{2AC39861-20DC-47D6-99F8-17B210237CB4}.Debug|Any CPU.Build.0 = Debug|Any CPU
		{2AC39861-20DC-47D6-99F8-17B210237CB4}.Release|Any CPU.ActiveCfg = Release|Any CPU
		{2AC39861-20DC-47D6-99F8-17B210237CB4}.Release|Any CPU.Build.0 = Release|Any CPU
		{25DA744F-6F01-446F-AD34-7E6DE03AD55C}.Debug|Any CPU.ActiveCfg = Debug|Any CPU
		{25DA744F-6F01-446F-AD34-7E6DE03AD55C}.Debug|Any CPU.Build.0 = Debug|Any CPU
		{25DA744F-6F01-446F-AD34-7E6DE03AD55C}.Release|Any CPU.ActiveCfg = Release|Any CPU
		{25DA744F-6F01-446F-AD34-7E6DE03AD55C}.Release|Any CPU.Build.0 = Release|Any CPU
	EndGlobalSection
	GlobalSection(SolutionProperties) = preSolution
		HideSolutionNode = FALSE
	EndGlobalSection
	GlobalSection(NestedProjects) = preSolution
		{6ADC58E8-0854-407D-8B33-9122C3D537F4} = {2DA4F361-46B0-4F5D-B43D-47383E1467B8}
		{5E0C65CA-8625-4B08-B572-EF60F30272EA} = {2DA4F361-46B0-4F5D-B43D-47383E1467B8}
		{CD07C7D1-BC69-49CA-BBEA-C6297115B86C} = {6ADC58E8-0854-407D-8B33-9122C3D537F4}
		{B4F256DF-1575-45EB-80D6-045147EAA813} = {6ADC58E8-0854-407D-8B33-9122C3D537F4}
		{9735B8BA-C22F-481C-B2B8-C4EC22B1C1FB} = {6ADC58E8-0854-407D-8B33-9122C3D537F4}
		{B8389EE4-D9C1-43C9-820B-0E8F9A72C23E} = {5E0C65CA-8625-4B08-B572-EF60F30272EA}
		{A9A112E5-2F82-4CA7-AEC9-F4AD867F5F2A} = {5E0C65CA-8625-4B08-B572-EF60F30272EA}
		{E853C0E4-80D9-4134-9F35-A2A76ED7D08D} = {5E0C65CA-8625-4B08-B572-EF60F30272EA}
		{2C4CC9BA-13ED-4455-AAB0-E945E856CB65} = {5E0C65CA-8625-4B08-B572-EF60F30272EA}
		{889424FE-9EAC-4993-9F2B-866FC6E28250} = {FEA6FECE-E969-4D97-95E6-1C33AD088470}
		{3DE77EA4-4D10-4E73-9775-E9182B3A6B52} = {CD07C7D1-BC69-49CA-BBEA-C6297115B86C}
		{2AC39861-20DC-47D6-99F8-17B210237CB4} = {B4F256DF-1575-45EB-80D6-045147EAA813}
		{25DA744F-6F01-446F-AD34-7E6DE03AD55C} = {9735B8BA-C22F-481C-B2B8-C4EC22B1C1FB}
	EndGlobalSection
	GlobalSection(ExtensibilityGlobals) = postSolution
		SolutionGuid = {24A324BD-06BF-45FB-8544-207F97C53165}
	EndGlobalSection
EndGlobal
